// !$*UTF8*$!
{
	archiveVersion = 1;
	classes = {
	};
	objectVersion = 56;
	objects = {

/* Begin PBXBuildFile section */
		9842C63B2BA4774A0099837B /* SignalsVM.swift in Sources */ = {isa = PBXBuildFile; fileRef = 9842C63A2BA4774A0099837B /* SignalsVM.swift */; };
		9842C63D2BA47E5F0099837B /* TimerModel.swift in Sources */ = {isa = PBXBuildFile; fileRef = 9842C63C2BA47E5F0099837B /* TimerModel.swift */; };
		9842C63F2BA486BF0099837B /* SignalRow.swift in Sources */ = {isa = PBXBuildFile; fileRef = 9842C63E2BA486BF0099837B /* SignalRow.swift */; };
		985D39082C29C9AF0006B823 /* StudyPage.swift in Sources */ = {isa = PBXBuildFile; fileRef = 985D39072C29C9AF0006B823 /* StudyPage.swift */; };
		985D390A2C2D5B7B0006B823 /* MyAtt.swift in Sources */ = {isa = PBXBuildFile; fileRef = 985D39092C2D5B7B0006B823 /* MyAtt.swift */; };
		98E02E752B9DCB08003C3355 /* QXguideApp.swift in Sources */ = {isa = PBXBuildFile; fileRef = 98E02E742B9DCB08003C3355 /* QXguideApp.swift */; };
		98E02E772B9DCB08003C3355 /* WelcomeView.swift in Sources */ = {isa = PBXBuildFile; fileRef = 98E02E762B9DCB08003C3355 /* WelcomeView.swift */; };
		98E02E7C2B9DCB0B003C3355 /* Preview Assets.xcassets in Resources */ = {isa = PBXBuildFile; fileRef = 98E02E7B2B9DCB0B003C3355 /* Preview Assets.xcassets */; };
		98E02E852B9DCB7D003C3355 /* LoadingView.swift in Sources */ = {isa = PBXBuildFile; fileRef = 98E02E842B9DCB7D003C3355 /* LoadingView.swift */; };
		98E02E872B9DCB95003C3355 /* NavView.swift in Sources */ = {isa = PBXBuildFile; fileRef = 98E02E862B9DCB95003C3355 /* NavView.swift */; };
		98E02E892B9DCBC5003C3355 /* AllOnboardingViews.swift in Sources */ = {isa = PBXBuildFile; fileRef = 98E02E882B9DCBC5003C3355 /* AllOnboardingViews.swift */; };
		98E02E8C2B9DCBE8003C3355 /* OnBoarding1.swift in Sources */ = {isa = PBXBuildFile; fileRef = 98E02E8B2B9DCBE8003C3355 /* OnBoarding1.swift */; };
		98E02E8E2B9DCBEF003C3355 /* OnBoarding2.swift in Sources */ = {isa = PBXBuildFile; fileRef = 98E02E8D2B9DCBEF003C3355 /* OnBoarding2.swift */; };
		98E02E902B9DCBF4003C3355 /* OnBoarding3.swift in Sources */ = {isa = PBXBuildFile; fileRef = 98E02E8F2B9DCBF4003C3355 /* OnBoarding3.swift */; };
		98E02E922B9DCBF9003C3355 /* OnBoarding4.swift in Sources */ = {isa = PBXBuildFile; fileRef = 98E02E912B9DCBF9003C3355 /* OnBoarding4.swift */; };
		98E02E942B9DCC22003C3355 /* OnBoarding5.swift in Sources */ = {isa = PBXBuildFile; fileRef = 98E02E932B9DCC22003C3355 /* OnBoarding5.swift */; };
		98E02E972B9DDD83003C3355 /* NavTabBar.swift in Sources */ = {isa = PBXBuildFile; fileRef = 98E02E962B9DDD83003C3355 /* NavTabBar.swift */; };
		98E02E992B9DDE2F003C3355 /* HomePage.swift in Sources */ = {isa = PBXBuildFile; fileRef = 98E02E982B9DDE2F003C3355 /* HomePage.swift */; };
		98E02E9B2B9DDE39003C3355 /* SignalsPage.swift in Sources */ = {isa = PBXBuildFile; fileRef = 98E02E9A2B9DDE39003C3355 /* SignalsPage.swift */; };
		98E02E9D2B9DDE40003C3355 /* SettingsPage.swift in Sources */ = {isa = PBXBuildFile; fileRef = 98E02E9C2B9DDE40003C3355 /* SettingsPage.swift */; };
		98E02EA12B9DE43B003C3355 /* LearnPage.swift in Sources */ = {isa = PBXBuildFile; fileRef = 98E02EA02B9DE43B003C3355 /* LearnPage.swift */; };
		98E02EA32B9DE4E6003C3355 /* PairsRow.swift in Sources */ = {isa = PBXBuildFile; fileRef = 98E02EA22B9DE4E6003C3355 /* PairsRow.swift */; };
		98E02EA62B9DE546003C3355 /* PairsModel.swift in Sources */ = {isa = PBXBuildFile; fileRef = 98E02EA52B9DE546003C3355 /* PairsModel.swift */; };
		98E02EA82B9DE8F6003C3355 /* Assets.xcassets in Resources */ = {isa = PBXBuildFile; fileRef = 98E02EA72B9DE8F6003C3355 /* Assets.xcassets */; };
		98E02EAA2B9DEA2B003C3355 /* DetailedPair.swift in Sources */ = {isa = PBXBuildFile; fileRef = 98E02EA92B9DEA2B003C3355 /* DetailedPair.swift */; };
		98E02EAC2B9DEE51003C3355 /* LearnRow.swift in Sources */ = {isa = PBXBuildFile; fileRef = 98E02EAB2B9DEE51003C3355 /* LearnRow.swift */; };
		98E02EAE2B9DEEA0003C3355 /* LearnModel.swift in Sources */ = {isa = PBXBuildFile; fileRef = 98E02EAD2B9DEEA0003C3355 /* LearnModel.swift */; };
		98E02EB12B9DF157003C3355 /* LearnVM.swift in Sources */ = {isa = PBXBuildFile; fileRef = 98E02EB02B9DF157003C3355 /* LearnVM.swift */; };
/* End PBXBuildFile section */

/* Begin PBXFileReference section */
		9842C63A2BA4774A0099837B /* SignalsVM.swift */ = {isa = PBXFileReference; lastKnownFileType = sourcecode.swift; path = SignalsVM.swift; sourceTree = "<group>"; };
		9842C63C2BA47E5F0099837B /* TimerModel.swift */ = {isa = PBXFileReference; lastKnownFileType = sourcecode.swift; path = TimerModel.swift; sourceTree = "<group>"; };
		9842C63E2BA486BF0099837B /* SignalRow.swift */ = {isa = PBXFileReference; lastKnownFileType = sourcecode.swift; path = SignalRow.swift; sourceTree = "<group>"; };
		985D39072C29C9AF0006B823 /* StudyPage.swift */ = {isa = PBXFileReference; lastKnownFileType = sourcecode.swift; path = StudyPage.swift; sourceTree = "<group>"; };
		985D39092C2D5B7B0006B823 /* MyAtt.swift */ = {isa = PBXFileReference; lastKnownFileType = sourcecode.swift; path = MyAtt.swift; sourceTree = "<group>"; };
		98E02E712B9DCB08003C3355 /* QXguide.app */ = {isa = PBXFileReference; explicitFileType = wrapper.application; includeInIndex = 0; path = QXguide.app; sourceTree = BUILT_PRODUCTS_DIR; };
		98E02E742B9DCB08003C3355 /* QXguideApp.swift */ = {isa = PBXFileReference; lastKnownFileType = sourcecode.swift; path = QXguideApp.swift; sourceTree = "<group>"; };
		98E02E762B9DCB08003C3355 /* WelcomeView.swift */ = {isa = PBXFileReference; lastKnownFileType = sourcecode.swift; path = WelcomeView.swift; sourceTree = "<group>"; };
		98E02E7B2B9DCB0B003C3355 /* Preview Assets.xcassets */ = {isa = PBXFileReference; lastKnownFileType = folder.assetcatalog; path = "Preview Assets.xcassets"; sourceTree = "<group>"; };
		98E02E842B9DCB7D003C3355 /* LoadingView.swift */ = {isa = PBXFileReference; lastKnownFileType = sourcecode.swift; path = LoadingView.swift; sourceTree = "<group>"; };
		98E02E862B9DCB95003C3355 /* NavView.swift */ = {isa = PBXFileReference; lastKnownFileType = sourcecode.swift; path = NavView.swift; sourceTree = "<group>"; };
		98E02E882B9DCBC5003C3355 /* AllOnboardingViews.swift */ = {isa = PBXFileReference; lastKnownFileType = sourcecode.swift; path = AllOnboardingViews.swift; sourceTree = "<group>"; };
		98E02E8B2B9DCBE8003C3355 /* OnBoarding1.swift */ = {isa = PBXFileReference; lastKnownFileType = sourcecode.swift; path = OnBoarding1.swift; sourceTree = "<group>"; };
		98E02E8D2B9DCBEF003C3355 /* OnBoarding2.swift */ = {isa = PBXFileReference; lastKnownFileType = sourcecode.swift; path = OnBoarding2.swift; sourceTree = "<group>"; };
		98E02E8F2B9DCBF4003C3355 /* OnBoarding3.swift */ = {isa = PBXFileReference; lastKnownFileType = sourcecode.swift; path = OnBoarding3.swift; sourceTree = "<group>"; };
		98E02E912B9DCBF9003C3355 /* OnBoarding4.swift */ = {isa = PBXFileReference; lastKnownFileType = sourcecode.swift; path = OnBoarding4.swift; sourceTree = "<group>"; };
		98E02E932B9DCC22003C3355 /* OnBoarding5.swift */ = {isa = PBXFileReference; lastKnownFileType = sourcecode.swift; path = OnBoarding5.swift; sourceTree = "<group>"; };
		98E02E962B9DDD83003C3355 /* NavTabBar.swift */ = {isa = PBXFileReference; lastKnownFileType = sourcecode.swift; path = NavTabBar.swift; sourceTree = "<group>"; };
		98E02E982B9DDE2F003C3355 /* HomePage.swift */ = {isa = PBXFileReference; lastKnownFileType = sourcecode.swift; path = HomePage.swift; sourceTree = "<group>"; };
		98E02E9A2B9DDE39003C3355 /* SignalsPage.swift */ = {isa = PBXFileReference; lastKnownFileType = sourcecode.swift; path = SignalsPage.swift; sourceTree = "<group>"; };
		98E02E9C2B9DDE40003C3355 /* SettingsPage.swift */ = {isa = PBXFileReference; lastKnownFileType = sourcecode.swift; path = SettingsPage.swift; sourceTree = "<group>"; };
		98E02EA02B9DE43B003C3355 /* LearnPage.swift */ = {isa = PBXFileReference; lastKnownFileType = sourcecode.swift; path = LearnPage.swift; sourceTree = "<group>"; };
		98E02EA22B9DE4E6003C3355 /* PairsRow.swift */ = {isa = PBXFileReference; lastKnownFileType = sourcecode.swift; path = PairsRow.swift; sourceTree = "<group>"; };
		98E02EA52B9DE546003C3355 /* PairsModel.swift */ = {isa = PBXFileReference; lastKnownFileType = sourcecode.swift; path = PairsModel.swift; sourceTree = "<group>"; };
		98E02EA72B9DE8F6003C3355 /* Assets.xcassets */ = {isa = PBXFileReference; lastKnownFileType = folder.assetcatalog; name = Assets.xcassets; path = QXguide/Assets.xcassets; sourceTree = SOURCE_ROOT; };
		98E02EA92B9DEA2B003C3355 /* DetailedPair.swift */ = {isa = PBXFileReference; lastKnownFileType = sourcecode.swift; path = DetailedPair.swift; sourceTree = "<group>"; };
		98E02EAB2B9DEE51003C3355 /* LearnRow.swift */ = {isa = PBXFileReference; lastKnownFileType = sourcecode.swift; path = LearnRow.swift; sourceTree = "<group>"; };
		98E02EAD2B9DEEA0003C3355 /* LearnModel.swift */ = {isa = PBXFileReference; lastKnownFileType = sourcecode.swift; path = LearnModel.swift; sourceTree = "<group>"; };
		98E02EB02B9DF157003C3355 /* LearnVM.swift */ = {isa = PBXFileReference; lastKnownFileType = sourcecode.swift; path = LearnVM.swift; sourceTree = "<group>"; };
/* End PBXFileReference section */

/* Begin PBXFrameworksBuildPhase section */
		98E02E6E2B9DCB08003C3355 /* Frameworks */ = {
			isa = PBXFrameworksBuildPhase;
			buildActionMask = 2147483647;
			files = (
			);
			runOnlyForDeploymentPostprocessing = 0;
		};
/* End PBXFrameworksBuildPhase section */

/* Begin PBXGroup section */
		98E02E682B9DCB08003C3355 = {
			isa = PBXGroup;
			children = (
				98E02E732B9DCB08003C3355 /* QXguide */,
				98E02E722B9DCB08003C3355 /* Products */,
			);
			sourceTree = "<group>";
		};
		98E02E722B9DCB08003C3355 /* Products */ = {
			isa = PBXGroup;
			children = (
				98E02E712B9DCB08003C3355 /* QXguide.app */,
			);
			name = Products;
			sourceTree = "<group>";
		};
		98E02E732B9DCB08003C3355 /* QXguide */ = {
			isa = PBXGroup;
			children = (
				98E02EAF2B9DF135003C3355 /* ViewModels */,
				98E02EA42B9DE53A003C3355 /* Models */,
				98E02E952B9DDD73003C3355 /* Elements */,
				98E02E832B9DCB6A003C3355 /* Core */,
				98E02E822B9DCB61003C3355 /* Views */,
				98E02EA72B9DE8F6003C3355 /* Assets.xcassets */,
				98E02E7A2B9DCB0B003C3355 /* Preview Content */,
			);
			path = QXguide;
			sourceTree = "<group>";
		};
		98E02E7A2B9DCB0B003C3355 /* Preview Content */ = {
			isa = PBXGroup;
			children = (
				98E02E7B2B9DCB0B003C3355 /* Preview Assets.xcassets */,
			);
			path = "Preview Content";
			sourceTree = "<group>";
		};
		98E02E822B9DCB61003C3355 /* Views */ = {
			isa = PBXGroup;
			children = (
				98E02E8A2B9DCBD1003C3355 /* Onboarding */,
				98E02E762B9DCB08003C3355 /* WelcomeView.swift */,
				98E02E842B9DCB7D003C3355 /* LoadingView.swift */,
				98E02E862B9DCB95003C3355 /* NavView.swift */,
				98E02E982B9DDE2F003C3355 /* HomePage.swift */,
				98E02E9A2B9DDE39003C3355 /* SignalsPage.swift */,
				98E02E9C2B9DDE40003C3355 /* SettingsPage.swift */,
				98E02EA02B9DE43B003C3355 /* LearnPage.swift */,
				98E02EA92B9DEA2B003C3355 /* DetailedPair.swift */,
				985D39072C29C9AF0006B823 /* StudyPage.swift */,
			);
			path = Views;
			sourceTree = "<group>";
		};
		98E02E832B9DCB6A003C3355 /* Core */ = {
			isa = PBXGroup;
			children = (
				98E02E742B9DCB08003C3355 /* QXguideApp.swift */,
			);
			path = Core;
			sourceTree = "<group>";
		};
		98E02E8A2B9DCBD1003C3355 /* Onboarding */ = {
			isa = PBXGroup;
			children = (
				98E02E882B9DCBC5003C3355 /* AllOnboardingViews.swift */,
				98E02E8B2B9DCBE8003C3355 /* OnBoarding1.swift */,
				98E02E8D2B9DCBEF003C3355 /* OnBoarding2.swift */,
				98E02E8F2B9DCBF4003C3355 /* OnBoarding3.swift */,
				98E02E912B9DCBF9003C3355 /* OnBoarding4.swift */,
				98E02E932B9DCC22003C3355 /* OnBoarding5.swift */,
			);
			path = Onboarding;
			sourceTree = "<group>";
		};
		98E02E952B9DDD73003C3355 /* Elements */ = {
			isa = PBXGroup;
			children = (
				98E02E962B9DDD83003C3355 /* NavTabBar.swift */,
				98E02EA22B9DE4E6003C3355 /* PairsRow.swift */,
				98E02EAB2B9DEE51003C3355 /* LearnRow.swift */,
				9842C63E2BA486BF0099837B /* SignalRow.swift */,
				985D39092C2D5B7B0006B823 /* MyAtt.swift */,
			);
			path = Elements;
			sourceTree = "<group>";
		};
		98E02EA42B9DE53A003C3355 /* Models */ = {
			isa = PBXGroup;
			children = (
				98E02EA52B9DE546003C3355 /* PairsModel.swift */,
				98E02EAD2B9DEEA0003C3355 /* LearnModel.swift */,
				9842C63C2BA47E5F0099837B /* TimerModel.swift */,
			);
			path = Models;
			sourceTree = "<group>";
		};
		98E02EAF2B9DF135003C3355 /* ViewModels */ = {
			isa = PBXGroup;
			children = (
				98E02EB02B9DF157003C3355 /* LearnVM.swift */,
				9842C63A2BA4774A0099837B /* SignalsVM.swift */,
			);
			path = ViewModels;
			sourceTree = "<group>";
		};
/* End PBXGroup section */

/* Begin PBXNativeTarget section */
		98E02E702B9DCB08003C3355 /* QXguide */ = {
			isa = PBXNativeTarget;
			buildConfigurationList = 98E02E7F2B9DCB0B003C3355 /* Build configuration list for PBXNativeTarget "QXguide" */;
			buildPhases = (
				98E02E6D2B9DCB08003C3355 /* Sources */,
				98E02E6E2B9DCB08003C3355 /* Frameworks */,
				98E02E6F2B9DCB08003C3355 /* Resources */,
			);
			buildRules = (
			);
			dependencies = (
			);
			name = QXguide;
			productName = QXguide;
			productReference = 98E02E712B9DCB08003C3355 /* QXguide.app */;
			productType = "com.apple.product-type.application";
		};
/* End PBXNativeTarget section */

/* Begin PBXProject section */
		98E02E692B9DCB08003C3355 /* Project object */ = {
			isa = PBXProject;
			attributes = {
				BuildIndependentTargetsInParallel = 1;
				LastSwiftUpdateCheck = 1510;
				LastUpgradeCheck = 1510;
				TargetAttributes = {
					98E02E702B9DCB08003C3355 = {
						CreatedOnToolsVersion = 15.1;
					};
				};
			};
			buildConfigurationList = 98E02E6C2B9DCB08003C3355 /* Build configuration list for PBXProject "QXguide" */;
			compatibilityVersion = "Xcode 14.0";
			developmentRegion = en;
			hasScannedForEncodings = 0;
			knownRegions = (
				en,
				Base,
			);
			mainGroup = 98E02E682B9DCB08003C3355;
			productRefGroup = 98E02E722B9DCB08003C3355 /* Products */;
			projectDirPath = "";
			projectRoot = "";
			targets = (
				98E02E702B9DCB08003C3355 /* QXguide */,
			);
		};
/* End PBXProject section */

/* Begin PBXResourcesBuildPhase section */
		98E02E6F2B9DCB08003C3355 /* Resources */ = {
			isa = PBXResourcesBuildPhase;
			buildActionMask = 2147483647;
			files = (
				98E02EA82B9DE8F6003C3355 /* Assets.xcassets in Resources */,
				98E02E7C2B9DCB0B003C3355 /* Preview Assets.xcassets in Resources */,
			);
			runOnlyForDeploymentPostprocessing = 0;
		};
/* End PBXResourcesBuildPhase section */

/* Begin PBXSourcesBuildPhase section */
		98E02E6D2B9DCB08003C3355 /* Sources */ = {
			isa = PBXSourcesBuildPhase;
			buildActionMask = 2147483647;
			files = (
				98E02E972B9DDD83003C3355 /* NavTabBar.swift in Sources */,
				98E02EB12B9DF157003C3355 /* LearnVM.swift in Sources */,
				98E02E922B9DCBF9003C3355 /* OnBoarding4.swift in Sources */,
				9842C63B2BA4774A0099837B /* SignalsVM.swift in Sources */,
				98E02E8C2B9DCBE8003C3355 /* OnBoarding1.swift in Sources */,
				98E02E9B2B9DDE39003C3355 /* SignalsPage.swift in Sources */,
				98E02E872B9DCB95003C3355 /* NavView.swift in Sources */,
				98E02E9D2B9DDE40003C3355 /* SettingsPage.swift in Sources */,
				98E02E902B9DCBF4003C3355 /* OnBoarding3.swift in Sources */,
				98E02EAC2B9DEE51003C3355 /* LearnRow.swift in Sources */,
				98E02E892B9DCBC5003C3355 /* AllOnboardingViews.swift in Sources */,
				98E02E772B9DCB08003C3355 /* WelcomeView.swift in Sources */,
				98E02EA12B9DE43B003C3355 /* LearnPage.swift in Sources */,
				98E02E992B9DDE2F003C3355 /* HomePage.swift in Sources */,
				98E02E942B9DCC22003C3355 /* OnBoarding5.swift in Sources */,
				98E02EA62B9DE546003C3355 /* PairsModel.swift in Sources */,
				98E02EAE2B9DEEA0003C3355 /* LearnModel.swift in Sources */,
				98E02E752B9DCB08003C3355 /* QXguideApp.swift in Sources */,
				98E02E8E2B9DCBEF003C3355 /* OnBoarding2.swift in Sources */,
				985D39082C29C9AF0006B823 /* StudyPage.swift in Sources */,
				98E02E852B9DCB7D003C3355 /* LoadingView.swift in Sources */,
				9842C63D2BA47E5F0099837B /* TimerModel.swift in Sources */,
				98E02EA32B9DE4E6003C3355 /* PairsRow.swift in Sources */,
				985D390A2C2D5B7B0006B823 /* MyAtt.swift in Sources */,
				9842C63F2BA486BF0099837B /* SignalRow.swift in Sources */,
				98E02EAA2B9DEA2B003C3355 /* DetailedPair.swift in Sources */,
			);
			runOnlyForDeploymentPostprocessing = 0;
		};
/* End PBXSourcesBuildPhase section */

/* Begin XCBuildConfiguration section */
		98E02E7D2B9DCB0B003C3355 /* Debug */ = {
			isa = XCBuildConfiguration;
			buildSettings = {
				ALWAYS_SEARCH_USER_PATHS = NO;
				ASSETCATALOG_COMPILER_GENERATE_SWIFT_ASSET_SYMBOL_EXTENSIONS = YES;
				CLANG_ANALYZER_NONNULL = YES;
				CLANG_ANALYZER_NUMBER_OBJECT_CONVERSION = YES_AGGRESSIVE;
				CLANG_CXX_LANGUAGE_STANDARD = "gnu++20";
				CLANG_ENABLE_MODULES = YES;
				CLANG_ENABLE_OBJC_ARC = YES;
				CLANG_ENABLE_OBJC_WEAK = YES;
				CLANG_WARN_BLOCK_CAPTURE_AUTORELEASING = YES;
				CLANG_WARN_BOOL_CONVERSION = YES;
				CLANG_WARN_COMMA = YES;
				CLANG_WARN_CONSTANT_CONVERSION = YES;
				CLANG_WARN_DEPRECATED_OBJC_IMPLEMENTATIONS = YES;
				CLANG_WARN_DIRECT_OBJC_ISA_USAGE = YES_ERROR;
				CLANG_WARN_DOCUMENTATION_COMMENTS = YES;
				CLANG_WARN_EMPTY_BODY = YES;
				CLANG_WARN_ENUM_CONVERSION = YES;
				CLANG_WARN_INFINITE_RECURSION = YES;
				CLANG_WARN_INT_CONVERSION = YES;
				CLANG_WARN_NON_LITERAL_NULL_CONVERSION = YES;
				CLANG_WARN_OBJC_IMPLICIT_RETAIN_SELF = YES;
				CLANG_WARN_OBJC_LITERAL_CONVERSION = YES;
				CLANG_WARN_OBJC_ROOT_CLASS = YES_ERROR;
				CLANG_WARN_QUOTED_INCLUDE_IN_FRAMEWORK_HEADER = YES;
				CLANG_WARN_RANGE_LOOP_ANALYSIS = YES;
				CLANG_WARN_STRICT_PROTOTYPES = YES;
				CLANG_WARN_SUSPICIOUS_MOVE = YES;
				CLANG_WARN_UNGUARDED_AVAILABILITY = YES_AGGRESSIVE;
				CLANG_WARN_UNREACHABLE_CODE = YES;
				CLANG_WARN__DUPLICATE_METHOD_MATCH = YES;
				COPY_PHASE_STRIP = NO;
				DEBUG_INFORMATION_FORMAT = dwarf;
				ENABLE_STRICT_OBJC_MSGSEND = YES;
				ENABLE_TESTABILITY = YES;
				ENABLE_USER_SCRIPT_SANDBOXING = YES;
				GCC_C_LANGUAGE_STANDARD = gnu17;
				GCC_DYNAMIC_NO_PIC = NO;
				GCC_NO_COMMON_BLOCKS = YES;
				GCC_OPTIMIZATION_LEVEL = 0;
				GCC_PREPROCESSOR_DEFINITIONS = (
					"DEBUG=1",
					"$(inherited)",
				);
				GCC_WARN_64_TO_32_BIT_CONVERSION = YES;
				GCC_WARN_ABOUT_RETURN_TYPE = YES_ERROR;
				GCC_WARN_UNDECLARED_SELECTOR = YES;
				GCC_WARN_UNINITIALIZED_AUTOS = YES_AGGRESSIVE;
				GCC_WARN_UNUSED_FUNCTION = YES;
				GCC_WARN_UNUSED_VARIABLE = YES;
				IPHONEOS_DEPLOYMENT_TARGET = 17.0;
				LOCALIZATION_PREFERS_STRING_CATALOGS = YES;
				MTL_ENABLE_DEBUG_INFO = INCLUDE_SOURCE;
				MTL_FAST_MATH = YES;
				ONLY_ACTIVE_ARCH = YES;
				SDKROOT = iphoneos;
				SWIFT_ACTIVE_COMPILATION_CONDITIONS = "DEBUG $(inherited)";
				SWIFT_OPTIMIZATION_LEVEL = "-Onone";
			};
			name = Debug;
		};
		98E02E7E2B9DCB0B003C3355 /* Release */ = {
			isa = XCBuildConfiguration;
			buildSettings = {
				ALWAYS_SEARCH_USER_PATHS = NO;
				ASSETCATALOG_COMPILER_GENERATE_SWIFT_ASSET_SYMBOL_EXTENSIONS = YES;
				CLANG_ANALYZER_NONNULL = YES;
				CLANG_ANALYZER_NUMBER_OBJECT_CONVERSION = YES_AGGRESSIVE;
				CLANG_CXX_LANGUAGE_STANDARD = "gnu++20";
				CLANG_ENABLE_MODULES = YES;
				CLANG_ENABLE_OBJC_ARC = YES;
				CLANG_ENABLE_OBJC_WEAK = YES;
				CLANG_WARN_BLOCK_CAPTURE_AUTORELEASING = YES;
				CLANG_WARN_BOOL_CONVERSION = YES;
				CLANG_WARN_COMMA = YES;
				CLANG_WARN_CONSTANT_CONVERSION = YES;
				CLANG_WARN_DEPRECATED_OBJC_IMPLEMENTATIONS = YES;
				CLANG_WARN_DIRECT_OBJC_ISA_USAGE = YES_ERROR;
				CLANG_WARN_DOCUMENTATION_COMMENTS = YES;
				CLANG_WARN_EMPTY_BODY = YES;
				CLANG_WARN_ENUM_CONVERSION = YES;
				CLANG_WARN_INFINITE_RECURSION = YES;
				CLANG_WARN_INT_CONVERSION = YES;
				CLANG_WARN_NON_LITERAL_NULL_CONVERSION = YES;
				CLANG_WARN_OBJC_IMPLICIT_RETAIN_SELF = YES;
				CLANG_WARN_OBJC_LITERAL_CONVERSION = YES;
				CLANG_WARN_OBJC_ROOT_CLASS = YES_ERROR;
				CLANG_WARN_QUOTED_INCLUDE_IN_FRAMEWORK_HEADER = YES;
				CLANG_WARN_RANGE_LOOP_ANALYSIS = YES;
				CLANG_WARN_STRICT_PROTOTYPES = YES;
				CLANG_WARN_SUSPICIOUS_MOVE = YES;
				CLANG_WARN_UNGUARDED_AVAILABILITY = YES_AGGRESSIVE;
				CLANG_WARN_UNREACHABLE_CODE = YES;
				CLANG_WARN__DUPLICATE_METHOD_MATCH = YES;
				COPY_PHASE_STRIP = NO;
				DEBUG_INFORMATION_FORMAT = "dwarf-with-dsym";
				ENABLE_NS_ASSERTIONS = NO;
				ENABLE_STRICT_OBJC_MSGSEND = YES;
				ENABLE_USER_SCRIPT_SANDBOXING = YES;
				GCC_C_LANGUAGE_STANDARD = gnu17;
				GCC_NO_COMMON_BLOCKS = YES;
				GCC_WARN_64_TO_32_BIT_CONVERSION = YES;
				GCC_WARN_ABOUT_RETURN_TYPE = YES_ERROR;
				GCC_WARN_UNDECLARED_SELECTOR = YES;
				GCC_WARN_UNINITIALIZED_AUTOS = YES_AGGRESSIVE;
				GCC_WARN_UNUSED_FUNCTION = YES;
				GCC_WARN_UNUSED_VARIABLE = YES;
				IPHONEOS_DEPLOYMENT_TARGET = 17.0;
				LOCALIZATION_PREFERS_STRING_CATALOGS = YES;
				MTL_ENABLE_DEBUG_INFO = NO;
				MTL_FAST_MATH = YES;
				SDKROOT = iphoneos;
				SWIFT_COMPILATION_MODE = wholemodule;
				VALIDATE_PRODUCT = YES;
			};
			name = Release;
		};
		98E02E802B9DCB0B003C3355 /* Debug */ = {
			isa = XCBuildConfiguration;
			buildSettings = {
				ASSETCATALOG_COMPILER_APPICON_NAME = AppIcon;
				ASSETCATALOG_COMPILER_GLOBAL_ACCENT_COLOR_NAME = AccentColor;
				CODE_SIGN_STYLE = Automatic;
				CURRENT_PROJECT_VERSION = 1;
				DEVELOPMENT_ASSET_PATHS = "\"QXguide/Preview Content\"";
				ENABLE_PREVIEWS = YES;
				GENERATE_INFOPLIST_FILE = YES;
				INFOPLIST_KEY_NSUserTrackingUsageDescription = "Your data will be used to deliver personalized ads";
				INFOPLIST_KEY_UIApplicationSceneManifest_Generation = YES;
				INFOPLIST_KEY_UIApplicationSupportsIndirectInputEvents = YES;
				INFOPLIST_KEY_UILaunchScreen_Generation = YES;
				INFOPLIST_KEY_UISupportedInterfaceOrientations_iPad = "UIInterfaceOrientationPortrait UIInterfaceOrientationPortraitUpsideDown UIInterfaceOrientationLandscapeLeft UIInterfaceOrientationLandscapeRight";
				INFOPLIST_KEY_UISupportedInterfaceOrientations_iPhone = "UIInterfaceOrientationPortrait UIInterfaceOrientationLandscapeLeft UIInterfaceOrientationLandscapeRight";
				LD_RUNPATH_SEARCH_PATHS = (
					"$(inherited)",
					"@executable_path/Frameworks",
				);
				MARKETING_VERSION = 1.0;
				PRODUCT_BUNDLE_IDENTIFIER = Aaaa.QXguide;
				PRODUCT_NAME = "$(TARGET_NAME)";
				SWIFT_EMIT_LOC_STRINGS = YES;
				SWIFT_VERSION = 5.0;
				TARGETED_DEVICE_FAMILY = "1,2";
			};
			name = Debug;
		};
		98E02E812B9DCB0B003C3355 /* Release */ = {
			isa = XCBuildConfiguration;
			buildSettings = {
				ASSETCATALOG_COMPILER_APPICON_NAME = AppIcon;
				ASSETCATALOG_COMPILER_GLOBAL_ACCENT_COLOR_NAME = AccentColor;
				CODE_SIGN_STYLE = Automatic;
				CURRENT_PROJECT_VERSION = 1;
				DEVELOPMENT_ASSET_PATHS = "\"QXguide/Preview Content\"";
				ENABLE_PREVIEWS = YES;
				GENERATE_INFOPLIST_FILE = YES;
				INFOPLIST_KEY_NSUserTrackingUsageDescription = "Your data will be used to deliver personalized ads";
				INFOPLIST_KEY_UIApplicationSceneManifest_Generation = YES;
				INFOPLIST_KEY_UIApplicationSupportsIndirectInputEvents = YES;
				INFOPLIST_KEY_UILaunchScreen_Generation = YES;
				INFOPLIST_KEY_UISupportedInterfaceOrientations_iPad = "UIInterfaceOrientationPortrait UIInterfaceOrientationPortraitUpsideDown UIInterfaceOrientationLandscapeLeft UIInterfaceOrientationLandscapeRight";
				INFOPLIST_KEY_UISupportedInterfaceOrientations_iPhone = "UIInterfaceOrientationPortrait UIInterfaceOrientationLandscapeLeft UIInterfaceOrientationLandscapeRight";
				LD_RUNPATH_SEARCH_PATHS = (
					"$(inherited)",
					"@executable_path/Frameworks",
				);
				MARKETING_VERSION = 1.0;
				PRODUCT_BUNDLE_IDENTIFIER = Aaaa.QXguide;
				PRODUCT_NAME = "$(TARGET_NAME)";
				SWIFT_EMIT_LOC_STRINGS = YES;
				SWIFT_VERSION = 5.0;
				TARGETED_DEVICE_FAMILY = "1,2";
			};
			name = Release;
		};
/* End XCBuildConfiguration section */

/* Begin XCConfigurationList section */
		98E02E6C2B9DCB08003C3355 /* Build configuration list for PBXProject "QXguide" */ = {
			isa = XCConfigurationList;
			buildConfigurations = (
				98E02E7D2B9DCB0B003C3355 /* Debug */,
				98E02E7E2B9DCB0B003C3355 /* Release */,
			);
			defaultConfigurationIsVisible = 0;
			defaultConfigurationName = Release;
		};
		98E02E7F2B9DCB0B003C3355 /* Build configuration list for PBXNativeTarget "QXguide" */ = {
			isa = XCConfigurationList;
			buildConfigurations = (
				98E02E802B9DCB0B003C3355 /* Debug */,
				98E02E812B9DCB0B003C3355 /* Release */,
			);
			defaultConfigurationIsVisible = 0;
			defaultConfigurationName = Release;
		};
/* End XCConfigurationList section */
	};
	rootObject = 98E02E692B9DCB08003C3355 /* Project object */;
}
